
Microsoft Visual Studio Solution File, Format Version 12.00
# Visual Studio Version 17
VisualStudioVersion = 17.0.31919.166
MinimumVisualStudioVersion = 10.0.40219.1
Project("{888888A0-9F3D-457C-B088-3A5042F75D52}") = "Programacion_I", "Programacion_I\Programacion_I.pyproj", "{CBD2EF0C-74BB-446A-B188-93E4107E4D59}"
EndProject
Global
	GlobalSection(SolutionConfigurationPlatforms) = preSolution
		Debug|Any CPU = Debug|Any CPU
		Release|Any CPU = Release|Any CPU
	EndGlobalSection
	GlobalSection(ProjectConfigurationPlatforms) = postSolution
		{CBD2EF0C-74BB-446A-B188-93E4107E4D59}.Debug|Any CPU.ActiveCfg = Debug|Any CPU
		{CBD2EF0C-74BB-446A-B188-93E4107E4D59}.Release|Any CPU.ActiveCfg = Release|Any CPU
	EndGlobalSection
	GlobalSection(SolutionProperties) = preSolution
		HideSolutionNode = FALSE
	EndGlobalSection
	GlobalSection(ExtensibilityGlobals) = postSolution
		SolutionGuid = {0E1D1B39-AF58-49F8-82B7-50B2292B38FE}
	EndGlobalSection
EndGlobal
